// !$*UTF8*$!
{
	archiveVersion = 1;
	classes = {
	};
	objectVersion = 50;
	objects = {

/* Begin PBXBuildFile section */
		CADDF2FF26936D370023C1FB /* AppDelegate.swift in Sources */ = {isa = PBXBuildFile; fileRef = CADDF2FE26936D370023C1FB /* AppDelegate.swift */; };
		CADDF30126936D370023C1FB /* SceneDelegate.swift in Sources */ = {isa = PBXBuildFile; fileRef = CADDF30026936D370023C1FB /* SceneDelegate.swift */; };
		CADDF30326936D370023C1FB /* ContentView.swift in Sources */ = {isa = PBXBuildFile; fileRef = CADDF30226936D370023C1FB /* ContentView.swift */; };
		CADDF30626936D370023C1FB /* DiceRoll.xcdatamodeld in Sources */ = {isa = PBXBuildFile; fileRef = CADDF30426936D370023C1FB /* DiceRoll.xcdatamodeld */; };
		CADDF30826936D380023C1FB /* Assets.xcassets in Resources */ = {isa = PBXBuildFile; fileRef = CADDF30726936D380023C1FB /* Assets.xcassets */; };
		CADDF30B26936D380023C1FB /* Preview Assets.xcassets in Resources */ = {isa = PBXBuildFile; fileRef = CADDF30A26936D380023C1FB /* Preview Assets.xcassets */; };
		CADDF30E26936D380023C1FB /* LaunchScreen.storyboard in Resources */ = {isa = PBXBuildFile; fileRef = CADDF30C26936D380023C1FB /* LaunchScreen.storyboard */; };
		CADDF316269484880023C1FB /* DiceView.swift in Sources */ = {isa = PBXBuildFile; fileRef = CADDF315269484880023C1FB /* DiceView.swift */; };
		CADDF3182697E8410023C1FB /* DiceRolls.swift in Sources */ = {isa = PBXBuildFile; fileRef = CADDF3172697E8410023C1FB /* DiceRolls.swift */; };
		CADDF31C2697EF950023C1FB /* ResultsView.swift in Sources */ = {isa = PBXBuildFile; fileRef = CADDF31B2697EF950023C1FB /* ResultsView.swift */; };
/* End PBXBuildFile section */

/* Begin PBXFileReference section */
		CADDF2FB26936D370023C1FB /* DiceRoll.app */ = {isa = PBXFileReference; explicitFileType = wrapper.application; includeInIndex = 0; path = DiceRoll.app; sourceTree = BUILT_PRODUCTS_DIR; };
		CADDF2FE26936D370023C1FB /* AppDelegate.swift */ = {isa = PBXFileReference; lastKnownFileType = sourcecode.swift; path = AppDelegate.swift; sourceTree = "<group>"; };
		CADDF30026936D370023C1FB /* SceneDelegate.swift */ = {isa = PBXFileReference; lastKnownFileType = sourcecode.swift; path = SceneDelegate.swift; sourceTree = "<group>"; };
		CADDF30226936D370023C1FB /* ContentView.swift */ = {isa = PBXFileReference; lastKnownFileType = sourcecode.swift; path = ContentView.swift; sourceTree = "<group>"; };
		CADDF30526936D370023C1FB /* DiceRoll.xcdatamodel */ = {isa = PBXFileReference; lastKnownFileType = wrapper.xcdatamodel; path = DiceRoll.xcdatamodel; sourceTree = "<group>"; };
		CADDF30726936D380023C1FB /* Assets.xcassets */ = {isa = PBXFileReference; lastKnownFileType = folder.assetcatalog; path = Assets.xcassets; sourceTree = "<group>"; };
		CADDF30A26936D380023C1FB /* Preview Assets.xcassets */ = {isa = PBXFileReference; lastKnownFileType = folder.assetcatalog; path = "Preview Assets.xcassets"; sourceTree = "<group>"; };
		CADDF30D26936D380023C1FB /* Base */ = {isa = PBXFileReference; lastKnownFileType = file.storyboard; name = Base; path = Base.lproj/LaunchScreen.storyboard; sourceTree = "<group>"; };
		CADDF30F26936D380023C1FB /* Info.plist */ = {isa = PBXFileReference; lastKnownFileType = text.plist.xml; path = Info.plist; sourceTree = "<group>"; };
		CADDF315269484880023C1FB /* DiceView.swift */ = {isa = PBXFileReference; lastKnownFileType = sourcecode.swift; path = DiceView.swift; sourceTree = "<group>"; };
		CADDF3172697E8410023C1FB /* DiceRolls.swift */ = {isa = PBXFileReference; lastKnownFileType = sourcecode.swift; path = DiceRolls.swift; sourceTree = "<group>"; };
		CADDF31B2697EF950023C1FB /* ResultsView.swift */ = {isa = PBXFileReference; lastKnownFileType = sourcecode.swift; path = ResultsView.swift; sourceTree = "<group>"; };
/* End PBXFileReference section */

/* Begin PBXFrameworksBuildPhase section */
		CADDF2F826936D370023C1FB /* Frameworks */ = {
			isa = PBXFrameworksBuildPhase;
			buildActionMask = 2147483647;
			files = (
			);
			runOnlyForDeploymentPostprocessing = 0;
		};
/* End PBXFrameworksBuildPhase section */

/* Begin PBXGroup section */
		CADDF2F226936D370023C1FB = {
			isa = PBXGroup;
			children = (
				CADDF2FD26936D370023C1FB /* DiceRoll */,
				CADDF2FC26936D370023C1FB /* Products */,
			);
			sourceTree = "<group>";
		};
		CADDF2FC26936D370023C1FB /* Products */ = {
			isa = PBXGroup;
			children = (
				CADDF2FB26936D370023C1FB /* DiceRoll.app */,
			);
			name = Products;
			sourceTree = "<group>";
		};
		CADDF2FD26936D370023C1FB /* DiceRoll */ = {
			isa = PBXGroup;
			children = (
				CADDF2FE26936D370023C1FB /* AppDelegate.swift */,
				CADDF30026936D370023C1FB /* SceneDelegate.swift */,
				CADDF30226936D370023C1FB /* ContentView.swift */,
				CADDF31B2697EF950023C1FB /* ResultsView.swift */,
				CADDF3172697E8410023C1FB /* DiceRolls.swift */,
				CADDF315269484880023C1FB /* DiceView.swift */,
				CADDF30726936D380023C1FB /* Assets.xcassets */,
				CADDF30C26936D380023C1FB /* LaunchScreen.storyboard */,
				CADDF30F26936D380023C1FB /* Info.plist */,
				CADDF30426936D370023C1FB /* DiceRoll.xcdatamodeld */,
				CADDF30926936D380023C1FB /* Preview Content */,
			);
			path = DiceRoll;
			sourceTree = "<group>";
		};
		CADDF30926936D380023C1FB /* Preview Content */ = {
			isa = PBXGroup;
			children = (
				CADDF30A26936D380023C1FB /* Preview Assets.xcassets */,
			);
			path = "Preview Content";
			sourceTree = "<group>";
		};
/* End PBXGroup section */

/* Begin PBXNativeTarget section */
		CADDF2FA26936D370023C1FB /* DiceRoll */ = {
			isa = PBXNativeTarget;
			buildConfigurationList = CADDF31226936D380023C1FB /* Build configuration list for PBXNativeTarget "DiceRoll" */;
			buildPhases = (
				CADDF2F726936D370023C1FB /* Sources */,
				CADDF2F826936D370023C1FB /* Frameworks */,
				CADDF2F926936D370023C1FB /* Resources */,
			);
			buildRules = (
			);
			dependencies = (
			);
			name = DiceRoll;
			productName = DiceRoll;
			productReference = CADDF2FB26936D370023C1FB /* DiceRoll.app */;
			productType = "com.apple.product-type.application";
		};
/* End PBXNativeTarget section */

/* Begin PBXProject section */
		CADDF2F326936D370023C1FB /* Project object */ = {
			isa = PBXProject;
			attributes = {
				LastSwiftUpdateCheck = 1250;
				LastUpgradeCheck = 1250;
				TargetAttributes = {
					CADDF2FA26936D370023C1FB = {
						CreatedOnToolsVersion = 12.5.1;
					};
				};
			};
			buildConfigurationList = CADDF2F626936D370023C1FB /* Build configuration list for PBXProject "DiceRoll" */;
			compatibilityVersion = "Xcode 9.3";
			developmentRegion = en;
			hasScannedForEncodings = 0;
			knownRegions = (
				en,
				Base,
			);
			mainGroup = CADDF2F226936D370023C1FB;
			productRefGroup = CADDF2FC26936D370023C1FB /* Products */;
			projectDirPath = "";
			projectRoot = "";
			targets = (
				CADDF2FA26936D370023C1FB /* DiceRoll */,
			);
		};
/* End PBXProject section */

/* Begin PBXResourcesBuildPhase section */
		CADDF2F926936D370023C1FB /* Resources */ = {
			isa = PBXResourcesBuildPhase;
			buildActionMask = 2147483647;
			files = (
				CADDF30E26936D380023C1FB /* LaunchScreen.storyboard in Resources */,
				CADDF30B26936D380023C1FB /* Preview Assets.xcassets in Resources */,
				CADDF30826936D380023C1FB /* Assets.xcassets in Resources */,
			);
			runOnlyForDeploymentPostprocessing = 0;
		};
/* End PBXResourcesBuildPhase section */

/* Begin PBXSourcesBuildPhase section */
		CADDF2F726936D370023C1FB /* Sources */ = {
			isa = PBXSourcesBuildPhase;
			buildActionMask = 2147483647;
			files = (
				CADDF2FF26936D370023C1FB /* AppDelegate.swift in Sources */,
				CADDF3182697E8410023C1FB /* DiceRolls.swift in Sources */,
				CADDF316269484880023C1FB /* DiceView.swift in Sources */,
				CADDF30126936D370023C1FB /* SceneDelegate.swift in Sources */,
				CADDF31C2697EF950023C1FB /* ResultsView.swift in Sources */,
				CADDF30326936D370023C1FB /* ContentView.swift in Sources */,
				CADDF30626936D370023C1FB /* DiceRoll.xcdatamodeld in Sources */,
			);
			runOnlyForDeploymentPostprocessing = 0;
		};
/* End PBXSourcesBuildPhase section */

/* Begin PBXVariantGroup section */
		CADDF30C26936D380023C1FB /* LaunchScreen.storyboard */ = {
			isa = PBXVariantGroup;
			children = (
				CADDF30D26936D380023C1FB /* Base */,
			);
			name = LaunchScreen.storyboard;
			sourceTree = "<group>";
		};
/* End PBXVariantGroup section */

/* Begin XCBuildConfiguration section */
		CADDF31026936D380023C1FB /* Debug */ = {
			isa = XCBuildConfiguration;
			buildSettings = {
				ALWAYS_SEARCH_USER_PATHS = NO;
				CLANG_ANALYZER_NONNULL = YES;
				CLANG_ANALYZER_NUMBER_OBJECT_CONVERSION = YES_AGGRESSIVE;
				CLANG_CXX_LANGUAGE_STANDARD = "gnu++14";
				CLANG_CXX_LIBRARY = "libc++";
				CLANG_ENABLE_MODULES = YES;
				CLANG_ENABLE_OBJC_ARC = YES;
				CLANG_ENABLE_OBJC_WEAK = YES;
				CLANG_WARN_BLOCK_CAPTURE_AUTORELEASING = YES;
				CLANG_WARN_BOOL_CONVERSION = YES;
				CLANG_WARN_COMMA = YES;
				CLANG_WARN_CONSTANT_CONVERSION = YES;
				CLANG_WARN_DEPRECATED_OBJC_IMPLEMENTATIONS = YES;
				CLANG_WARN_DIRECT_OBJC_ISA_USAGE = YES_ERROR;
				CLANG_WARN_DOCUMENTATION_COMMENTS = YES;
				CLANG_WARN_EMPTY_BODY = YES;
				CLANG_WARN_ENUM_CONVERSION = YES;
				CLANG_WARN_INFINITE_RECURSION = YES;
				CLANG_WARN_INT_CONVERSION = YES;
				CLANG_WARN_NON_LITERAL_NULL_CONVERSION = YES;
				CLANG_WARN_OBJC_IMPLICIT_RETAIN_SELF = YES;
				CLANG_WARN_OBJC_LITERAL_CONVERSION = YES;
				CLANG_WARN_OBJC_ROOT_CLASS = YES_ERROR;
				CLANG_WARN_QUOTED_INCLUDE_IN_FRAMEWORK_HEADER = YES;
				CLANG_WARN_RANGE_LOOP_ANALYSIS = YES;
				CLANG_WARN_STRICT_PROTOTYPES = YES;
				CLANG_WARN_SUSPICIOUS_MOVE = YES;
				CLANG_WARN_UNGUARDED_AVAILABILITY = YES_AGGRESSIVE;
				CLANG_WARN_UNREACHABLE_CODE = YES;
				CLANG_WARN__DUPLICATE_METHOD_MATCH = YES;
				COPY_PHASE_STRIP = NO;
				DEBUG_INFORMATION_FORMAT = dwarf;
				ENABLE_STRICT_OBJC_MSGSEND = YES;
				ENABLE_TESTABILITY = YES;
				GCC_C_LANGUAGE_STANDARD = gnu11;
				GCC_DYNAMIC_NO_PIC = NO;
				GCC_NO_COMMON_BLOCKS = YES;
				GCC_OPTIMIZATION_LEVEL = 0;
				GCC_PREPROCESSOR_DEFINITIONS = (
					"DEBUG=1",
					"$(inherited)",
				);
				GCC_WARN_64_TO_32_BIT_CONVERSION = YES;
				GCC_WARN_ABOUT_RETURN_TYPE = YES_ERROR;
				GCC_WARN_UNDECLARED_SELECTOR = YES;
				GCC_WARN_UNINITIALIZED_AUTOS = YES_AGGRESSIVE;
				GCC_WARN_UNUSED_FUNCTION = YES;
				GCC_WARN_UNUSED_VARIABLE = YES;
				IPHONEOS_DEPLOYMENT_TARGET = 14.5;
				MTL_ENABLE_DEBUG_INFO = INCLUDE_SOURCE;
				MTL_FAST_MATH = YES;
				ONLY_ACTIVE_ARCH = YES;
				SDKROOT = iphoneos;
				SWIFT_ACTIVE_COMPILATION_CONDITIONS = DEBUG;
				SWIFT_OPTIMIZATION_LEVEL = "-Onone";
			};
			name = Debug;
		};
		CADDF31126936D380023C1FB /* Release */ = {
			isa = XCBuildConfiguration;
			buildSettings = {
				ALWAYS_SEARCH_USER_PATHS = NO;
				CLANG_ANALYZER_NONNULL = YES;
				CLANG_ANALYZER_NUMBER_OBJECT_CONVERSION = YES_AGGRESSIVE;
				CLANG_CXX_LANGUAGE_STANDARD = "gnu++14";
				CLANG_CXX_LIBRARY = "libc++";
				CLANG_ENABLE_MODULES = YES;
				CLANG_ENABLE_OBJC_ARC = YES;
				CLANG_ENABLE_OBJC_WEAK = YES;
				CLANG_WARN_BLOCK_CAPTURE_AUTORELEASING = YES;
				CLANG_WARN_BOOL_CONVERSION = YES;
				CLANG_WARN_COMMA = YES;
				CLANG_WARN_CONSTANT_CONVERSION = YES;
				CLANG_WARN_DEPRECATED_OBJC_IMPLEMENTATIONS = YES;
				CLANG_WARN_DIRECT_OBJC_ISA_USAGE = YES_ERROR;
				CLANG_WARN_DOCUMENTATION_COMMENTS = YES;
				CLANG_WARN_EMPTY_BODY = YES;
				CLANG_WARN_ENUM_CONVERSION = YES;
				CLANG_WARN_INFINITE_RECURSION = YES;
				CLANG_WARN_INT_CONVERSION = YES;
				CLANG_WARN_NON_LITERAL_NULL_CONVERSION = YES;
				CLANG_WARN_OBJC_IMPLICIT_RETAIN_SELF = YES;
				CLANG_WARN_OBJC_LITERAL_CONVERSION = YES;
				CLANG_WARN_OBJC_ROOT_CLASS = YES_ERROR;
				CLANG_WARN_QUOTED_INCLUDE_IN_FRAMEWORK_HEADER = YES;
				CLANG_WARN_RANGE_LOOP_ANALYSIS = YES;
				CLANG_WARN_STRICT_PROTOTYPES = YES;
				CLANG_WARN_SUSPICIOUS_MOVE = YES;
				CLANG_WARN_UNGUARDED_AVAILABILITY = YES_AGGRESSIVE;
				CLANG_WARN_UNREACHABLE_CODE = YES;
				CLANG_WARN__DUPLICATE_METHOD_MATCH = YES;
				COPY_PHASE_STRIP = NO;
				DEBUG_INFORMATION_FORMAT = "dwarf-with-dsym";
				ENABLE_NS_ASSERTIONS = NO;
				ENABLE_STRICT_OBJC_MSGSEND = YES;
				GCC_C_LANGUAGE_STANDARD = gnu11;
				GCC_NO_COMMON_BLOCKS = YES;
				GCC_WARN_64_TO_32_BIT_CONVERSION = YES;
				GCC_WARN_ABOUT_RETURN_TYPE = YES_ERROR;
				GCC_WARN_UNDECLARED_SELECTOR = YES;
				GCC_WARN_UNINITIALIZED_AUTOS = YES_AGGRESSIVE;
				GCC_WARN_UNUSED_FUNCTION = YES;
				GCC_WARN_UNUSED_VARIABLE = YES;
				IPHONEOS_DEPLOYMENT_TARGET = 14.5;
				MTL_ENABLE_DEBUG_INFO = NO;
				MTL_FAST_MATH = YES;
				SDKROOT = iphoneos;
				SWIFT_COMPILATION_MODE = wholemodule;
				SWIFT_OPTIMIZATION_LEVEL = "-O";
				VALIDATE_PRODUCT = YES;
			};
			name = Release;
		};
		CADDF31326936D380023C1FB /* Debug */ = {
			isa = XCBuildConfiguration;
			buildSettings = {
				ASSETCATALOG_COMPILER_APPICON_NAME = AppIcon;
				ASSETCATALOG_COMPILER_GLOBAL_ACCENT_COLOR_NAME = AccentColor;
				CODE_SIGN_STYLE = Automatic;
				DEVELOPMENT_ASSET_PATHS = "\"DiceRoll/Preview Content\"";
				DEVELOPMENT_TEAM = GN64R4AHYT;
				ENABLE_PREVIEWS = YES;
				INFOPLIST_FILE = DiceRoll/Info.plist;
				LD_RUNPATH_SEARCH_PATHS = (
					"$(inherited)",
					"@executable_path/Frameworks",
				);
				PRODUCT_BUNDLE_IDENTIFIER = bknox.dev.DiceRoll;
				PRODUCT_NAME = "$(TARGET_NAME)";
				SWIFT_VERSION = 5.0;
				TARGETED_DEVICE_FAMILY = "1,2";
			};
			name = Debug;
		};
		CADDF31426936D380023C1FB /* Release */ = {
			isa = XCBuildConfiguration;
			buildSettings = {
				ASSETCATALOG_COMPILER_APPICON_NAME = AppIcon;
				ASSETCATALOG_COMPILER_GLOBAL_ACCENT_COLOR_NAME = AccentColor;
				CODE_SIGN_STYLE = Automatic;
				DEVELOPMENT_ASSET_PATHS = "\"DiceRoll/Preview Content\"";
				DEVELOPMENT_TEAM = GN64R4AHYT;
				ENABLE_PREVIEWS = YES;
				INFOPLIST_FILE = DiceRoll/Info.plist;
				LD_RUNPATH_SEARCH_PATHS = (
					"$(inherited)",
					"@executable_path/Frameworks",
				);
				PRODUCT_BUNDLE_IDENTIFIER = bknox.dev.DiceRoll;
				PRODUCT_NAME = "$(TARGET_NAME)";
				SWIFT_VERSION = 5.0;
				TARGETED_DEVICE_FAMILY = "1,2";
			};
			name = Release;
		};
/* End XCBuildConfiguration section */

/* Begin XCConfigurationList section */
		CADDF2F626936D370023C1FB /* Build configuration list for PBXProject "DiceRoll" */ = {
			isa = XCConfigurationList;
			buildConfigurations = (
				CADDF31026936D380023C1FB /* Debug */,
				CADDF31126936D380023C1FB /* Release */,
			);
			defaultConfigurationIsVisible = 0;
			defaultConfigurationName = Release;
		};
		CADDF31226936D380023C1FB /* Build configuration list for PBXNativeTarget "DiceRoll" */ = {
			isa = XCConfigurationList;
			buildConfigurations = (
				CADDF31326936D380023C1FB /* Debug */,
				CADDF31426936D380023C1FB /* Release */,
			);
			defaultConfigurationIsVisible = 0;
			defaultConfigurationName = Release;
		};
/* End XCConfigurationList section */

/* Begin XCVersionGroup section */
		CADDF30426936D370023C1FB /* DiceRoll.xcdatamodeld */ = {
			isa = XCVersionGroup;
			children = (
				CADDF30526936D370023C1FB /* DiceRoll.xcdatamodel */,
			);
			currentVersion = CADDF30526936D370023C1FB /* DiceRoll.xcdatamodel */;
			path = DiceRoll.xcdatamodeld;
			sourceTree = "<group>";
			versionGroupType = wrapper.xcdatamodel;
		};
/* End XCVersionGroup section */
	};
	rootObject = CADDF2F326936D370023C1FB /* Project object */;
}
